// !$*UTF8*$!
{
	archiveVersion = 1;
	classes = {
	};
	objectVersion = 46;
	objects = {

/* Begin PBXBuildFile section */
		501D01ED1D05E59900653285 /* AppDelegate.swift in Sources */ = {isa = PBXBuildFile; fileRef = 501D01EC1D05E59900653285 /* AppDelegate.swift */; };
		501D01EF1D05E59900653285 /* ViewController.swift in Sources */ = {isa = PBXBuildFile; fileRef = 501D01EE1D05E59900653285 /* ViewController.swift */; };
		501D01F21D05E59900653285 /* Main.storyboard in Resources */ = {isa = PBXBuildFile; fileRef = 501D01F01D05E59900653285 /* Main.storyboard */; };
		501D01F41D05E59900653285 /* Assets.xcassets in Resources */ = {isa = PBXBuildFile; fileRef = 501D01F31D05E59900653285 /* Assets.xcassets */; };
		501D01F71D05E59900653285 /* LaunchScreen.storyboard in Resources */ = {isa = PBXBuildFile; fileRef = 501D01F51D05E59900653285 /* LaunchScreen.storyboard */; };
/* End PBXBuildFile section */

/* Begin PBXFileReference section */
		501D01E91D05E59900653285 /* HKLayout.app */ = {isa = PBXFileReference; explicitFileType = wrapper.application; includeInIndex = 0; path = HKLayout.app; sourceTree = BUILT_PRODUCTS_DIR; };
		501D01EC1D05E59900653285 /* AppDelegate.swift */ = {isa = PBXFileReference; lastKnownFileType = sourcecode.swift; path = AppDelegate.swift; sourceTree = "<group>"; };
		501D01EE1D05E59900653285 /* ViewController.swift */ = {isa = PBXFileReference; lastKnownFileType = sourcecode.swift; path = ViewController.swift; sourceTree = "<group>"; };
		501D01F11D05E59900653285 /* Base */ = {isa = PBXFileReference; lastKnownFileType = file.storyboard; name = Base; path = Base.lproj/Main.storyboard; sourceTree = "<group>"; };
		501D01F31D05E59900653285 /* Assets.xcassets */ = {isa = PBXFileReference; lastKnownFileType = folder.assetcatalog; path = Assets.xcassets; sourceTree = "<group>"; };
		501D01F61D05E59900653285 /* Base */ = {isa = PBXFileReference; lastKnownFileType = file.storyboard; name = Base; path = Base.lproj/LaunchScreen.storyboard; sourceTree = "<group>"; };
		501D01F81D05E59900653285 /* Info.plist */ = {isa = PBXFileReference; lastKnownFileType = text.plist.xml; path = Info.plist; sourceTree = "<group>"; };
/* End PBXFileReference section */

/* Begin PBXFrameworksBuildPhase section */
		501D01E61D05E59900653285 /* Frameworks */ = {
			isa = PBXFrameworksBuildPhase;
			buildActionMask = 2147483647;
			files = (
			);
			runOnlyForDeploymentPostprocessing = 0;
		};
/* End PBXFrameworksBuildPhase section */

/* Begin PBXGroup section */
		501D01E01D05E59900653285 = {
			isa = PBXGroup;
			children = (
				501D01EB1D05E59900653285 /* HKLayout */,
				501D01EA1D05E59900653285 /* Products */,
			);
			sourceTree = "<group>";
		};
		501D01EA1D05E59900653285 /* Products */ = {
			isa = PBXGroup;
			children = (
				501D01E91D05E59900653285 /* HKLayout.app */,
			);
			name = Products;
			sourceTree = "<group>";
		};
		501D01EB1D05E59900653285 /* HKLayout */ = {
			isa = PBXGroup;
			children = (
				501D01EC1D05E59900653285 /* AppDelegate.swift */,
				501D01EE1D05E59900653285 /* ViewController.swift */,
				501D01F01D05E59900653285 /* Main.storyboard */,
				501D01F31D05E59900653285 /* Assets.xcassets */,
				501D01F51D05E59900653285 /* LaunchScreen.storyboard */,
				501D01F81D05E59900653285 /* Info.plist */,
			);
			path = HKLayout;
			sourceTree = "<group>";
		};
/* End PBXGroup section */

/* Begin PBXNativeTarget section */
		501D01E81D05E59900653285 /* HKLayout */ = {
			isa = PBXNativeTarget;
			buildConfigurationList = 501D01FB1D05E59900653285 /* Build configuration list for PBXNativeTarget "HKLayout" */;
			buildPhases = (
				501D01E51D05E59900653285 /* Sources */,
				501D01E61D05E59900653285 /* Frameworks */,
				501D01E71D05E59900653285 /* Resources */,
			);
			buildRules = (
			);
			dependencies = (
			);
			name = HKLayout;
			productName = HKLayout;
			productReference = 501D01E91D05E59900653285 /* HKLayout.app */;
			productType = "com.apple.product-type.application";
		};
/* End PBXNativeTarget section */

/* Begin PBXProject section */
		501D01E11D05E59900653285 /* Project object */ = {
			isa = PBXProject;
			attributes = {
				LastSwiftUpdateCheck = 0730;
				LastUpgradeCheck = 0730;
				ORGANIZATIONNAME = mhk;
				TargetAttributes = {
					501D01E81D05E59900653285 = {
						CreatedOnToolsVersion = 7.3;
					};
				};
			};
			buildConfigurationList = 501D01E41D05E59900653285 /* Build configuration list for PBXProject "HKLayout" */;
			compatibilityVersion = "Xcode 3.2";
			developmentRegion = English;
			hasScannedForEncodings = 0;
			knownRegions = (
				en,
				Base,
			);
			mainGroup = 501D01E01D05E59900653285;
			productRefGroup = 501D01EA1D05E59900653285 /* Products */;
			projectDirPath = "";
			projectRoot = "";
			targets = (
				501D01E81D05E59900653285 /* HKLayout */,
			);
		};
/* End PBXProject section */

/* Begin PBXResourcesBuildPhase section */
		501D01E71D05E59900653285 /* Resources */ = {
			isa = PBXResourcesBuildPhase;
			buildActionMask = 2147483647;
			files = (
				501D01F71D05E59900653285 /* LaunchScreen.storyboard in Resources */,
				501D01F41D05E59900653285 /* Assets.xcassets in Resources */,
				501D01F21D05E59900653285 /* Main.storyboard in Resources */,
			);
			runOnlyForDeploymentPostprocessing = 0;
		};
/* End PBXResourcesBuildPhase section */

/* Begin PBXSourcesBuildPhase section */
		501D01E51D05E59900653285 /* Sources */ = {
			isa = PBXSourcesBuildPhase;
			buildActionMask = 2147483647;
			files = (
				501D01EF1D05E59900653285 /* ViewController.swift in Sources */,
				501D01ED1D05E59900653285 /* AppDelegate.swift in Sources */,
			);
			runOnlyForDeploymentPostprocessing = 0;
		};
/* End PBXSourcesBuildPhase section */

/* Begin PBXVariantGroup section */
		501D01F01D05E59900653285 /* Main.storyboard */ = {
			isa = PBXVariantGroup;
			children = (
				501D01F11D05E59900653285 /* Base */,
			);
			name = Main.storyboard;
			sourceTree = "<group>";
		};
		501D01F51D05E59900653285 /* LaunchScreen.storyboard */ = {
			isa = PBXVariantGroup;
			children = (
				501D01F61D05E59900653285 /* Base */,
			);
			name = LaunchScreen.storyboard;
			sourceTree = "<group>";
		};
/* End PBXVariantGroup section */

/* Begin XCBuildConfiguration section */
		501D01F91D05E59900653285 /* Debug */ = {
			isa = XCBuildConfiguration;
			buildSettings = {
				ALWAYS_SEARCH_USER_PATHS = NO;
				CLANG_ANALYZER_NONNULL = YES;
				CLANG_CXX_LANGUAGE_STANDARD = "gnu++0x";
				CLANG_CXX_LIBRARY = "libc++";
				CLANG_ENABLE_MODULES = YES;
				CLANG_ENABLE_OBJC_ARC = YES;
				CLANG_WARN_BOOL_CONVERSION = YES;
				CLANG_WARN_CONSTANT_CONVERSION = YES;
				CLANG_WARN_DIRECT_OBJC_ISA_USAGE = YES_ERROR;
				CLANG_WARN_EMPTY_BODY = YES;
				CLANG_WARN_ENUM_CONVERSION = YES;
				CLANG_WARN_INT_CONVERSION = YES;
				CLANG_WARN_OBJC_ROOT_CLASS = YES_ERROR;
				CLANG_WARN_UNREACHABLE_CODE = YES;
				CLANG_WARN__DUPLICATE_METHOD_MATCH = YES;
				"CODE_SIGN_IDENTITY[sdk=iphoneos*]" = "iPhone Developer";
				COPY_PHASE_STRIP = NO;
				DEBUG_INFORMATION_FORMAT = dwarf;
				ENABLE_STRICT_OBJC_MSGSEND = YES;
				ENABLE_TESTABILITY = YES;
				GCC_C_LANGUAGE_STANDARD = gnu99;
				GCC_DYNAMIC_NO_PIC = NO;
				GCC_NO_COMMON_BLOCKS = YES;
				GCC_OPTIMIZATION_LEVEL = 0;
				GCC_PREPROCESSOR_DEFINITIONS = (
					"DEBUG=1",
					"$(inherited)",
				);
				GCC_WARN_64_TO_32_BIT_CONVERSION = YES;
				GCC_WARN_ABOUT_RETURN_TYPE = YES_ERROR;
				GCC_WARN_UNDECLARED_SELECTOR = YES;
				GCC_WARN_UNINITIALIZED_AUTOS = YES_AGGRESSIVE;
				GCC_WARN_UNUSED_FUNCTION = YES;
				GCC_WARN_UNUSED_VARIABLE = YES;
				IPHONEOS_DEPLOYMENT_TARGET = 9.3;
				MTL_ENABLE_DEBUG_INFO = YES;
				ONLY_ACTIVE_ARCH = YES;
				SDKROOT = iphoneos;
				SWIFT_OPTIMIZATION_LEVEL = "-Onone";
			};
			name = Debug;
		};
		501D01FA1D05E59900653285 /* Release */ = {
			isa = XCBuildConfiguration;
			buildSettings = {
				ALWAYS_SEARCH_USER_PATHS = NO;
				CLANG_ANALYZER_NONNULL = YES;
				CLANG_CXX_LANGUAGE_STANDARD = "gnu++0x";
				CLANG_CXX_LIBRARY = "libc++";
				CLANG_ENABLE_MODULES = YES;
				CLANG_ENABLE_OBJC_ARC = YES;
				CLANG_WARN_BOOL_CONVERSION = YES;
				CLANG_WARN_CONSTANT_CONVERSION = YES;
				CLANG_WARN_DIRECT_OBJC_ISA_USAGE = YES_ERROR;
				CLANG_WARN_EMPTY_BODY = YES;
				CLANG_WARN_ENUM_CONVERSION = YES;
				CLANG_WARN_INT_CONVERSION = YES;
				CLANG_WARN_OBJC_ROOT_CLASS = YES_ERROR;
				CLANG_WARN_UNREACHABLE_CODE = YES;
				CLANG_WARN__DUPLICATE_METHOD_MATCH = YES;
				"CODE_SIGN_IDENTITY[sdk=iphoneos*]" = "iPhone Developer";
				COPY_PHASE_STRIP = NO;
				DEBUG_INFORMATION_FORMAT = "dwarf-with-dsym";
				ENABLE_NS_ASSERTIONS = NO;
				ENABLE_STRICT_OBJC_MSGSEND = YES;
				GCC_C_LANGUAGE_STANDARD = gnu99;
				GCC_NO_COMMON_BLOCKS = YES;
				GCC_WARN_64_TO_32_BIT_CONVERSION = YES;
				GCC_WARN_ABOUT_RETURN_TYPE = YES_ERROR;
				GCC_WARN_UNDECLARED_SELECTOR = YES;
				GCC_WARN_UNINITIALIZED_AUTOS = YES_AGGRESSIVE;
				GCC_WARN_UNUSED_FUNCTION = YES;
				GCC_WARN_UNUSED_VARIABLE = YES;
				IPHONEOS_DEPLOYMENT_TARGET = 9.3;
				MTL_ENABLE_DEBUG_INFO = NO;
				SDKROOT = iphoneos;
				VALIDATE_PRODUCT = YES;
			};
			name = Release;
		};
		501D01FC1D05E59900653285 /* Debug */ = {
			isa = XCBuildConfiguration;
			buildSettings = {
				ASSETCATALOG_COMPILER_APPICON_NAME = AppIcon;
				INFOPLIST_FILE = HKLayout/Info.plist;
				LD_RUNPATH_SEARCH_PATHS = "$(inherited) @executable_path/Frameworks";
				PRODUCT_BUNDLE_IDENTIFIER = com.mhk.ios.HKLayout;
				PRODUCT_NAME = "$(TARGET_NAME)";
			};
			name = Debug;
		};
		501D01FD1D05E59900653285 /* Release */ = {
			isa = XCBuildConfiguration;
			buildSettings = {
				ASSETCATALOG_COMPILER_APPICON_NAME = AppIcon;
				INFOPLIST_FILE = HKLayout/Info.plist;
				LD_RUNPATH_SEARCH_PATHS = "$(inherited) @executable_path/Frameworks";
				PRODUCT_BUNDLE_IDENTIFIER = com.mhk.ios.HKLayout;
				PRODUCT_NAME = "$(TARGET_NAME)";
			};
			name = Release;
		};
/* End XCBuildConfiguration section */

/* Begin XCConfigurationList section */
		501D01E41D05E59900653285 /* Build configuration list for PBXProject "HKLayout" */ = {
			isa = XCConfigurationList;
			buildConfigurations = (
				501D01F91D05E59900653285 /* Debug */,
				501D01FA1D05E59900653285 /* Release */,
			);
			defaultConfigurationIsVisible = 0;
			defaultConfigurationName = Release;
		};
		501D01FB1D05E59900653285 /* Build configuration list for PBXNativeTarget "HKLayout" */ = {
			isa = XCConfigurationList;
			buildConfigurations = (
				501D01FC1D05E59900653285 /* Debug */,
				501D01FD1D05E59900653285 /* Release */,
			);
			defaultConfigurationIsVisible = 0;
		};
/* End XCConfigurationList section */
	};
	rootObject = 501D01E11D05E59900653285 /* Project object */;
}
